
Microsoft Visual Studio Solution File, Format Version 12.00
# Visual Studio Version 16
VisualStudioVersion = 16.0.29503.13
MinimumVisualStudioVersion = 10.0.40219.1
Project("{9A19103F-16F7-4668-BE54-9A1E7A4F7556}") = "API_Arquitetura", "API_Arquitetura\API_Arquitetura.csproj", "{9722698C-E7D6-489A-876C-50A0BFB330CC}"
EndProject
Project("{9A19103F-16F7-4668-BE54-9A1E7A4F7556}") = "Testes", "Testes\Testes.csproj", "{7CBBD1FA-7377-4106-983C-5C917385ED0D}"
EndProject
Project("{FAE04EC0-301F-11D3-BF4B-00C04F79EFBC}") = "Domain", "Domain\Domain.csproj", "{D640100E-0D34-42A8-AA3F-5C834B837221}"
EndProject
Global
	GlobalSection(SolutionConfigurationPlatforms) = preSolution
		Debug|Any CPU = Debug|Any CPU
		Release|Any CPU = Release|Any CPU
	EndGlobalSection
	GlobalSection(ProjectConfigurationPlatforms) = postSolution
		{9722698C-E7D6-489A-876C-50A0BFB330CC}.Debug|Any CPU.ActiveCfg = Debug|Any CPU
		{9722698C-E7D6-489A-876C-50A0BFB330CC}.Debug|Any CPU.Build.0 = Debug|Any CPU
		{9722698C-E7D6-489A-876C-50A0BFB330CC}.Release|Any CPU.ActiveCfg = Release|Any CPU
		{9722698C-E7D6-489A-876C-50A0BFB330CC}.Release|Any CPU.Build.0 = Release|Any CPU
		{7CBBD1FA-7377-4106-983C-5C917385ED0D}.Debug|Any CPU.ActiveCfg = Debug|Any CPU
		{7CBBD1FA-7377-4106-983C-5C917385ED0D}.Debug|Any CPU.Build.0 = Debug|Any CPU
		{7CBBD1FA-7377-4106-983C-5C917385ED0D}.Release|Any CPU.ActiveCfg = Release|Any CPU
		{7CBBD1FA-7377-4106-983C-5C917385ED0D}.Release|Any CPU.Build.0 = Release|Any CPU
		{D640100E-0D34-42A8-AA3F-5C834B837221}.Debug|Any CPU.ActiveCfg = Debug|Any CPU
		{D640100E-0D34-42A8-AA3F-5C834B837221}.Debug|Any CPU.Build.0 = Debug|Any CPU
		{D640100E-0D34-42A8-AA3F-5C834B837221}.Release|Any CPU.ActiveCfg = Release|Any CPU
		{D640100E-0D34-42A8-AA3F-5C834B837221}.Release|Any CPU.Build.0 = Release|Any CPU
	EndGlobalSection
	GlobalSection(SolutionProperties) = preSolution
		HideSolutionNode = FALSE
	EndGlobalSection
	GlobalSection(ExtensibilityGlobals) = postSolution
		SolutionGuid = {73D7D222-A36D-46A3-9BC8-2943408D6CCF}
	EndGlobalSection
EndGlobal
